// !$*UTF8*$!
{
	archiveVersion = 1;
	classes = {
	};
	objectVersion = 46;
	objects = {

/* Begin PBXBuildFile section */
		A557B1441CAA609C00E39886 /* main.m in Sources */ = {isa = PBXBuildFile; fileRef = A557B1431CAA609C00E39886 /* main.m */; };
		A557B1471CAA609C00E39886 /* AppDelegate.m in Sources */ = {isa = PBXBuildFile; fileRef = A557B1461CAA609C00E39886 /* AppDelegate.m */; };
		A557B14A1CAA609C00E39886 /* ViewController.m in Sources */ = {isa = PBXBuildFile; fileRef = A557B1491CAA609C00E39886 /* ViewController.m */; };
		A557B14D1CAA609C00E39886 /* Main.storyboard in Resources */ = {isa = PBXBuildFile; fileRef = A557B14B1CAA609C00E39886 /* Main.storyboard */; };
		A557B14F1CAA609C00E39886 /* Images.xcassets in Resources */ = {isa = PBXBuildFile; fileRef = A557B14E1CAA609C00E39886 /* Images.xcassets */; };
		A557B1521CAA609C00E39886 /* LaunchScreen.xib in Resources */ = {isa = PBXBuildFile; fileRef = A557B1501CAA609C00E39886 /* LaunchScreen.xib */; };
		A557B15E1CAA609C00E39886 /* SSSTests.m in Sources */ = {isa = PBXBuildFile; fileRef = A557B15D1CAA609C00E39886 /* SSSTests.m */; };
		A557B1691CAA62DB00E39886 /* AViewController.m in Sources */ = {isa = PBXBuildFile; fileRef = A557B1681CAA62DB00E39886 /* AViewController.m */; };
/* End PBXBuildFile section */

/* Begin PBXContainerItemProxy section */
		A557B1581CAA609C00E39886 /* PBXContainerItemProxy */ = {
			isa = PBXContainerItemProxy;
			containerPortal = A557B1361CAA609C00E39886 /* Project object */;
			proxyType = 1;
			remoteGlobalIDString = A557B13D1CAA609C00E39886;
			remoteInfo = SSS;
		};
/* End PBXContainerItemProxy section */

/* Begin PBXFileReference section */
		A557B13E1CAA609C00E39886 /* SSS.app */ = {isa = PBXFileReference; explicitFileType = wrapper.application; includeInIndex = 0; path = SSS.app; sourceTree = BUILT_PRODUCTS_DIR; };
		A557B1421CAA609C00E39886 /* Info.plist */ = {isa = PBXFileReference; lastKnownFileType = text.plist.xml; path = Info.plist; sourceTree = "<group>"; };
		A557B1431CAA609C00E39886 /* main.m */ = {isa = PBXFileReference; lastKnownFileType = sourcecode.c.objc; path = main.m; sourceTree = "<group>"; };
		A557B1451CAA609C00E39886 /* AppDelegate.h */ = {isa = PBXFileReference; lastKnownFileType = sourcecode.c.h; path = AppDelegate.h; sourceTree = "<group>"; };
		A557B1461CAA609C00E39886 /* AppDelegate.m */ = {isa = PBXFileReference; lastKnownFileType = sourcecode.c.objc; path = AppDelegate.m; sourceTree = "<group>"; };
		A557B1481CAA609C00E39886 /* ViewController.h */ = {isa = PBXFileReference; lastKnownFileType = sourcecode.c.h; path = ViewController.h; sourceTree = "<group>"; };
		A557B1491CAA609C00E39886 /* ViewController.m */ = {isa = PBXFileReference; lastKnownFileType = sourcecode.c.objc; path = ViewController.m; sourceTree = "<group>"; };
		A557B14C1CAA609C00E39886 /* Base */ = {isa = PBXFileReference; lastKnownFileType = file.storyboard; name = Base; path = Base.lproj/Main.storyboard; sourceTree = "<group>"; };
		A557B14E1CAA609C00E39886 /* Images.xcassets */ = {isa = PBXFileReference; lastKnownFileType = folder.assetcatalog; path = Images.xcassets; sourceTree = "<group>"; };
		A557B1511CAA609C00E39886 /* Base */ = {isa = PBXFileReference; lastKnownFileType = file.xib; name = Base; path = Base.lproj/LaunchScreen.xib; sourceTree = "<group>"; };
		A557B1571CAA609C00E39886 /* SSSTests.xctest */ = {isa = PBXFileReference; explicitFileType = wrapper.cfbundle; includeInIndex = 0; path = SSSTests.xctest; sourceTree = BUILT_PRODUCTS_DIR; };
		A557B15C1CAA609C00E39886 /* Info.plist */ = {isa = PBXFileReference; lastKnownFileType = text.plist.xml; path = Info.plist; sourceTree = "<group>"; };
		A557B15D1CAA609C00E39886 /* SSSTests.m */ = {isa = PBXFileReference; lastKnownFileType = sourcecode.c.objc; path = SSSTests.m; sourceTree = "<group>"; };
		A557B1671CAA62DB00E39886 /* AViewController.h */ = {isa = PBXFileReference; fileEncoding = 4; lastKnownFileType = sourcecode.c.h; path = AViewController.h; sourceTree = "<group>"; };
		A557B1681CAA62DB00E39886 /* AViewController.m */ = {isa = PBXFileReference; fileEncoding = 4; lastKnownFileType = sourcecode.c.objc; path = AViewController.m; sourceTree = "<group>"; };
/* End PBXFileReference section */

/* Begin PBXFrameworksBuildPhase section */
		A557B13B1CAA609C00E39886 /* Frameworks */ = {
			isa = PBXFrameworksBuildPhase;
			buildActionMask = 2147483647;
			files = (
			);
			runOnlyForDeploymentPostprocessing = 0;
		};
		A557B1541CAA609C00E39886 /* Frameworks */ = {
			isa = PBXFrameworksBuildPhase;
			buildActionMask = 2147483647;
			files = (
			);
			runOnlyForDeploymentPostprocessing = 0;
		};
/* End PBXFrameworksBuildPhase section */

/* Begin PBXGroup section */
		A557B1351CAA609C00E39886 = {
			isa = PBXGroup;
			children = (
				A557B1401CAA609C00E39886 /* SSS */,
				A557B15A1CAA609C00E39886 /* SSSTests */,
				A557B13F1CAA609C00E39886 /* Products */,
			);
			sourceTree = "<group>";
		};
		A557B13F1CAA609C00E39886 /* Products */ = {
			isa = PBXGroup;
			children = (
				A557B13E1CAA609C00E39886 /* SSS.app */,
				A557B1571CAA609C00E39886 /* SSSTests.xctest */,
			);
			name = Products;
			sourceTree = "<group>";
		};
		A557B1401CAA609C00E39886 /* SSS */ = {
			isa = PBXGroup;
			children = (
				A557B1451CAA609C00E39886 /* AppDelegate.h */,
				A557B1461CAA609C00E39886 /* AppDelegate.m */,
				A557B1481CAA609C00E39886 /* ViewController.h */,
				A557B1491CAA609C00E39886 /* ViewController.m */,
				A557B14B1CAA609C00E39886 /* Main.storyboard */,
				A557B14E1CAA609C00E39886 /* Images.xcassets */,
				A557B1501CAA609C00E39886 /* LaunchScreen.xib */,
				A557B1411CAA609C00E39886 /* Supporting Files */,
				A557B1671CAA62DB00E39886 /* AViewController.h */,
				A557B1681CAA62DB00E39886 /* AViewController.m */,
			);
			path = SSS;
			sourceTree = "<group>";
		};
		A557B1411CAA609C00E39886 /* Supporting Files */ = {
			isa = PBXGroup;
			children = (
				A557B1421CAA609C00E39886 /* Info.plist */,
				A557B1431CAA609C00E39886 /* main.m */,
			);
			name = "Supporting Files";
			sourceTree = "<group>";
		};
		A557B15A1CAA609C00E39886 /* SSSTests */ = {
			isa = PBXGroup;
			children = (
				A557B15D1CAA609C00E39886 /* SSSTests.m */,
				A557B15B1CAA609C00E39886 /* Supporting Files */,
			);
			path = SSSTests;
			sourceTree = "<group>";
		};
		A557B15B1CAA609C00E39886 /* Supporting Files */ = {
			isa = PBXGroup;
			children = (
				A557B15C1CAA609C00E39886 /* Info.plist */,
			);
			name = "Supporting Files";
			sourceTree = "<group>";
		};
/* End PBXGroup section */

/* Begin PBXNativeTarget section */
		A557B13D1CAA609C00E39886 /* SSS */ = {
			isa = PBXNativeTarget;
			buildConfigurationList = A557B1611CAA609C00E39886 /* Build configuration list for PBXNativeTarget "SSS" */;
			buildPhases = (
				A557B13A1CAA609C00E39886 /* Sources */,
				A557B13B1CAA609C00E39886 /* Frameworks */,
				A557B13C1CAA609C00E39886 /* Resources */,
			);
			buildRules = (
			);
			dependencies = (
			);
			name = SSS;
			productName = SSS;
			productReference = A557B13E1CAA609C00E39886 /* SSS.app */;
			productType = "com.apple.product-type.application";
		};
		A557B1561CAA609C00E39886 /* SSSTests */ = {
			isa = PBXNativeTarget;
			buildConfigurationList = A557B1641CAA609C00E39886 /* Build configuration list for PBXNativeTarget "SSSTests" */;
			buildPhases = (
				A557B1531CAA609C00E39886 /* Sources */,
				A557B1541CAA609C00E39886 /* Frameworks */,
				A557B1551CAA609C00E39886 /* Resources */,
			);
			buildRules = (
			);
			dependencies = (
				A557B1591CAA609C00E39886 /* PBXTargetDependency */,
			);
			name = SSSTests;
			productName = SSSTests;
			productReference = A557B1571CAA609C00E39886 /* SSSTests.xctest */;
			productType = "com.apple.product-type.bundle.unit-test";
		};
/* End PBXNativeTarget section */

/* Begin PBXProject section */
		A557B1361CAA609C00E39886 /* Project object */ = {
			isa = PBXProject;
			attributes = {
				LastUpgradeCheck = 0640;
				ORGANIZATIONNAME = Elean;
				TargetAttributes = {
					A557B13D1CAA609C00E39886 = {
						CreatedOnToolsVersion = 6.4;
					};
					A557B1561CAA609C00E39886 = {
						CreatedOnToolsVersion = 6.4;
						TestTargetID = A557B13D1CAA609C00E39886;
					};
				};
			};
			buildConfigurationList = A557B1391CAA609C00E39886 /* Build configuration list for PBXProject "SSS" */;
			compatibilityVersion = "Xcode 3.2";
			developmentRegion = English;
			hasScannedForEncodings = 0;
			knownRegions = (
				en,
				Base,
			);
			mainGroup = A557B1351CAA609C00E39886;
			productRefGroup = A557B13F1CAA609C00E39886 /* Products */;
			projectDirPath = "";
			projectRoot = "";
			targets = (
				A557B13D1CAA609C00E39886 /* SSS */,
				A557B1561CAA609C00E39886 /* SSSTests */,
			);
		};
/* End PBXProject section */

/* Begin PBXResourcesBuildPhase section */
		A557B13C1CAA609C00E39886 /* Resources */ = {
			isa = PBXResourcesBuildPhase;
			buildActionMask = 2147483647;
			files = (
				A557B14D1CAA609C00E39886 /* Main.storyboard in Resources */,
				A557B1521CAA609C00E39886 /* LaunchScreen.xib in Resources */,
				A557B14F1CAA609C00E39886 /* Images.xcassets in Resources */,
			);
			runOnlyForDeploymentPostprocessing = 0;
		};
		A557B1551CAA609C00E39886 /* Resources */ = {
			isa = PBXResourcesBuildPhase;
			buildActionMask = 2147483647;
			files = (
			);
			runOnlyForDeploymentPostprocessing = 0;
		};
/* End PBXResourcesBuildPhase section */

/* Begin PBXSourcesBuildPhase section */
		A557B13A1CAA609C00E39886 /* Sources */ = {
			isa = PBXSourcesBuildPhase;
			buildActionMask = 2147483647;
			files = (
				A557B1691CAA62DB00E39886 /* AViewController.m in Sources */,
				A557B14A1CAA609C00E39886 /* ViewController.m in Sources */,
				A557B1471CAA609C00E39886 /* AppDelegate.m in Sources */,
				A557B1441CAA609C00E39886 /* main.m in Sources */,
			);
			runOnlyForDeploymentPostprocessing = 0;
		};
		A557B1531CAA609C00E39886 /* Sources */ = {
			isa = PBXSourcesBuildPhase;
			buildActionMask = 2147483647;
			files = (
				A557B15E1CAA609C00E39886 /* SSSTests.m in Sources */,
			);
			runOnlyForDeploymentPostprocessing = 0;
		};
/* End PBXSourcesBuildPhase section */

/* Begin PBXTargetDependency section */
		A557B1591CAA609C00E39886 /* PBXTargetDependency */ = {
			isa = PBXTargetDependency;
			target = A557B13D1CAA609C00E39886 /* SSS */;
			targetProxy = A557B1581CAA609C00E39886 /* PBXContainerItemProxy */;
		};
/* End PBXTargetDependency section */

/* Begin PBXVariantGroup section */
		A557B14B1CAA609C00E39886 /* Main.storyboard */ = {
			isa = PBXVariantGroup;
			children = (
				A557B14C1CAA609C00E39886 /* Base */,
			);
			name = Main.storyboard;
			sourceTree = "<group>";
		};
		A557B1501CAA609C00E39886 /* LaunchScreen.xib */ = {
			isa = PBXVariantGroup;
			children = (
				A557B1511CAA609C00E39886 /* Base */,
			);
			name = LaunchScreen.xib;
			sourceTree = "<group>";
		};
/* End PBXVariantGroup section */

/* Begin XCBuildConfiguration section */
		A557B15F1CAA609C00E39886 /* Debug */ = {
			isa = XCBuildConfiguration;
			buildSettings = {
				ALWAYS_SEARCH_USER_PATHS = NO;
				CLANG_CXX_LANGUAGE_STANDARD = "gnu++0x";
				CLANG_CXX_LIBRARY = "libc++";
				CLANG_ENABLE_MODULES = YES;
				CLANG_ENABLE_OBJC_ARC = YES;
				CLANG_WARN_BOOL_CONVERSION = YES;
				CLANG_WARN_CONSTANT_CONVERSION = YES;
				CLANG_WARN_DIRECT_OBJC_ISA_USAGE = YES_ERROR;
				CLANG_WARN_EMPTY_BODY = YES;
				CLANG_WARN_ENUM_CONVERSION = YES;
				CLANG_WARN_INT_CONVERSION = YES;
				CLANG_WARN_OBJC_ROOT_CLASS = YES_ERROR;
				CLANG_WARN_UNREACHABLE_CODE = YES;
				CLANG_WARN__DUPLICATE_METHOD_MATCH = YES;
				"CODE_SIGN_IDENTITY[sdk=iphoneos*]" = "iPhone Developer";
				COPY_PHASE_STRIP = NO;
				DEBUG_INFORMATION_FORMAT = "dwarf-with-dsym";
				ENABLE_STRICT_OBJC_MSGSEND = YES;
				GCC_C_LANGUAGE_STANDARD = gnu99;
				GCC_DYNAMIC_NO_PIC = NO;
				GCC_NO_COMMON_BLOCKS = YES;
				GCC_OPTIMIZATION_LEVEL = 0;
				GCC_PREPROCESSOR_DEFINITIONS = (
					"DEBUG=1",
					"$(inherited)",
				);
				GCC_SYMBOLS_PRIVATE_EXTERN = NO;
				GCC_WARN_64_TO_32_BIT_CONVERSION = YES;
				GCC_WARN_ABOUT_RETURN_TYPE = YES_ERROR;
				GCC_WARN_UNDECLARED_SELECTOR = YES;
				GCC_WARN_UNINITIALIZED_AUTOS = YES_AGGRESSIVE;
				GCC_WARN_UNUSED_FUNCTION = YES;
				GCC_WARN_UNUSED_VARIABLE = YES;
				IPHONEOS_DEPLOYMENT_TARGET = 8.4;
				MTL_ENABLE_DEBUG_INFO = YES;
				ONLY_ACTIVE_ARCH = YES;
				SDKROOT = iphoneos;
				TARGETED_DEVICE_FAMILY = "1,2";
			};
			name = Debug;
		};
		A557B1601CAA609C00E39886 /* Release */ = {
			isa = XCBuildConfiguration;
			buildSettings = {
				ALWAYS_SEARCH_USER_PATHS = NO;
				CLANG_CXX_LANGUAGE_STANDARD = "gnu++0x";
				CLANG_CXX_LIBRARY = "libc++";
				CLANG_ENABLE_MODULES = YES;
				CLANG_ENABLE_OBJC_ARC = YES;
				CLANG_WARN_BOOL_CONVERSION = YES;
				CLANG_WARN_CONSTANT_CONVERSION = YES;
				CLANG_WARN_DIRECT_OBJC_ISA_USAGE = YES_ERROR;
				CLANG_WARN_EMPTY_BODY = YES;
				CLANG_WARN_ENUM_CONVERSION = YES;
				CLANG_WARN_INT_CONVERSION = YES;
				CLANG_WARN_OBJC_ROOT_CLASS = YES_ERROR;
				CLANG_WARN_UNREACHABLE_CODE = YES;
				CLANG_WARN__DUPLICATE_METHOD_MATCH = YES;
				"CODE_SIGN_IDENTITY[sdk=iphoneos*]" = "iPhone Developer";
				COPY_PHASE_STRIP = NO;
				DEBUG_INFORMATION_FORMAT = "dwarf-with-dsym";
				ENABLE_NS_ASSERTIONS = NO;
				ENABLE_STRICT_OBJC_MSGSEND = YES;
				GCC_C_LANGUAGE_STANDARD = gnu99;
				GCC_NO_COMMON_BLOCKS = YES;
				GCC_WARN_64_TO_32_BIT_CONVERSION = YES;
				GCC_WARN_ABOUT_RETURN_TYPE = YES_ERROR;
				GCC_WARN_UNDECLARED_SELECTOR = YES;
				GCC_WARN_UNINITIALIZED_AUTOS = YES_AGGRESSIVE;
				GCC_WARN_UNUSED_FUNCTION = YES;
				GCC_WARN_UNUSED_VARIABLE = YES;
				IPHONEOS_DEPLOYMENT_TARGET = 8.4;
				MTL_ENABLE_DEBUG_INFO = NO;
				SDKROOT = iphoneos;
				TARGETED_DEVICE_FAMILY = "1,2";
				VALIDATE_PRODUCT = YES;
			};
			name = Release;
		};
		A557B1621CAA609C00E39886 /* Debug */ = {
			isa = XCBuildConfiguration;
			buildSettings = {
				ASSETCATALOG_COMPILER_APPICON_NAME = AppIcon;
				INFOPLIST_FILE = SSS/Info.plist;
				LD_RUNPATH_SEARCH_PATHS = "$(inherited) @executable_path/Frameworks";
				PRODUCT_NAME = "$(TARGET_NAME)";
			};
			name = Debug;
		};
		A557B1631CAA609C00E39886 /* Release */ = {
			isa = XCBuildConfiguration;
			buildSettings = {
				ASSETCATALOG_COMPILER_APPICON_NAME = AppIcon;
				INFOPLIST_FILE = SSS/Info.plist;
				LD_RUNPATH_SEARCH_PATHS = "$(inherited) @executable_path/Frameworks";
				PRODUCT_NAME = "$(TARGET_NAME)";
			};
			name = Release;
		};
		A557B1651CAA609C00E39886 /* Debug */ = {
			isa = XCBuildConfiguration;
			buildSettings = {
				BUNDLE_LOADER = "$(TEST_HOST)";
				FRAMEWORK_SEARCH_PATHS = (
					"$(SDKROOT)/Developer/Library/Frameworks",
					"$(inherited)",
				);
				GCC_PREPROCESSOR_DEFINITIONS = (
					"DEBUG=1",
					"$(inherited)",
				);
				INFOPLIST_FILE = SSSTests/Info.plist;
				LD_RUNPATH_SEARCH_PATHS = "$(inherited) @executable_path/Frameworks @loader_path/Frameworks";
				PRODUCT_NAME = "$(TARGET_NAME)";
				TEST_HOST = "$(BUILT_PRODUCTS_DIR)/SSS.app/SSS";
			};
			name = Debug;
		};
		A557B1661CAA609C00E39886 /* Release */ = {
			isa = XCBuildConfiguration;
			buildSettings = {
				BUNDLE_LOADER = "$(TEST_HOST)";
				FRAMEWORK_SEARCH_PATHS = (
					"$(SDKROOT)/Developer/Library/Frameworks",
					"$(inherited)",
				);
				INFOPLIST_FILE = SSSTests/Info.plist;
				LD_RUNPATH_SEARCH_PATHS = "$(inherited) @executable_path/Frameworks @loader_path/Frameworks";
				PRODUCT_NAME = "$(TARGET_NAME)";
				TEST_HOST = "$(BUILT_PRODUCTS_DIR)/SSS.app/SSS";
			};
			name = Release;
		};
/* End XCBuildConfiguration section */

/* Begin XCConfigurationList section */
		A557B1391CAA609C00E39886 /* Build configuration list for PBXProject "SSS" */ = {
			isa = XCConfigurationList;
			buildConfigurations = (
				A557B15F1CAA609C00E39886 /* Debug */,
				A557B1601CAA609C00E39886 /* Release */,
			);
			defaultConfigurationIsVisible = 0;
			defaultConfigurationName = Release;
		};
		A557B1611CAA609C00E39886 /* Build configuration list for PBXNativeTarget "SSS" */ = {
			isa = XCConfigurationList;
			buildConfigurations = (
				A557B1621CAA609C00E39886 /* Debug */,
				A557B1631CAA609C00E39886 /* Release */,
			);
			defaultConfigurationIsVisible = 0;
		};
		A557B1641CAA609C00E39886 /* Build configuration list for PBXNativeTarget "SSSTests" */ = {
			isa = XCConfigurationList;
			buildConfigurations = (
				A557B1651CAA609C00E39886 /* Debug */,
				A557B1661CAA609C00E39886 /* Release */,
			);
			defaultConfigurationIsVisible = 0;
		};
/* End XCConfigurationList section */
	};
	rootObject = A557B1361CAA609C00E39886 /* Project object */;
}
